{
  "name": "ajs-platforms-use",
  "version": "1.0.0",
  "lockfileVersion": 3,
  "requires": true,
  "packages": {
    "": {
      "name": "ajs-platforms-use",
      "version": "1.0.0",
      "license": "ISC",
      "dependencies": {
        "@ivankravz/ajs-platforms": "^1.0.0"
      }
    },
    "node_modules/@ivankravz/ajs-platforms": {
      "version": "1.0.0",
      "resolved": "https://npm.pkg.github.com/download/@ivankravz/ajs-platforms/1.0.0/82b78a6043a995d388ef553565acf39cdaefb565",
      "integrity": "sha512-A+/ToUTILmF9C1YIATP5Cbk669elHCO7cb3dM0uYMDOZON9q/GOnMGVOyt/VhsKkOw++xdJZ+v8fmnFElH9ORQ==",
      "license": "ISC"
    }
  }
}
